
Microsoft Visual Studio Solution File, Format Version 12.00
# Visual Studio 2015
Project("{FAE04EC0-301F-11D3-BF4B-00C04F79EFBC}") = "Starship Deckplans.CSharp", "Starship Deckplans.CSharp.csproj", "{A9BC55D5-8556-DAB4-FDC8-13E6B1288243}"
EndProject
Project("{FAE04EC0-301F-11D3-BF4B-00C04F79EFBC}") = "Starship Deckplans.CSharp.Plugins", "Starship Deckplans.CSharp.Plugins.csproj", "{459510D6-32F9-5431-1908-827A4EF89099}"
EndProject
Project("{FAE04EC0-301F-11D3-BF4B-00C04F79EFBC}") = "Starship Deckplans.CSharp.Editor.Plugins", "Starship Deckplans.CSharp.Editor.Plugins.csproj", "{F18A3FE4-ADD8-10AD-2979-1FD8F6483B9D}"
EndProject
Global
	GlobalSection(SolutionConfigurationPlatforms) = preSolution
		Debug|Any CPU = Debug|Any CPU
		Release|Any CPU = Release|Any CPU
	EndGlobalSection
	GlobalSection(ProjectConfigurationPlatforms) = postSolution
		{A9BC55D5-8556-DAB4-FDC8-13E6B1288243}.Debug|Any CPU.ActiveCfg = Debug|Any CPU
		{A9BC55D5-8556-DAB4-FDC8-13E6B1288243}.Debug|Any CPU.Build.0 = Debug|Any CPU
		{A9BC55D5-8556-DAB4-FDC8-13E6B1288243}.Release|Any CPU.ActiveCfg = Release|Any CPU
		{A9BC55D5-8556-DAB4-FDC8-13E6B1288243}.Release|Any CPU.Build.0 = Release|Any CPU
		{459510D6-32F9-5431-1908-827A4EF89099}.Debug|Any CPU.ActiveCfg = Debug|Any CPU
		{459510D6-32F9-5431-1908-827A4EF89099}.Debug|Any CPU.Build.0 = Debug|Any CPU
		{459510D6-32F9-5431-1908-827A4EF89099}.Release|Any CPU.ActiveCfg = Release|Any CPU
		{459510D6-32F9-5431-1908-827A4EF89099}.Release|Any CPU.Build.0 = Release|Any CPU
		{F18A3FE4-ADD8-10AD-2979-1FD8F6483B9D}.Debug|Any CPU.ActiveCfg = Debug|Any CPU
		{F18A3FE4-ADD8-10AD-2979-1FD8F6483B9D}.Debug|Any CPU.Build.0 = Debug|Any CPU
		{F18A3FE4-ADD8-10AD-2979-1FD8F6483B9D}.Release|Any CPU.ActiveCfg = Release|Any CPU
		{F18A3FE4-ADD8-10AD-2979-1FD8F6483B9D}.Release|Any CPU.Build.0 = Release|Any CPU
	EndGlobalSection
	GlobalSection(SolutionProperties) = preSolution
		HideSolutionNode = FALSE
	EndGlobalSection
EndGlobal
